// !$*UTF8*$!
{
	archiveVersion = 1;
	classes = {
	};
	objectVersion = 46;
	objects = {

/* Begin PBXBuildFile section */
		1FBB77B019785DF00092B4CC /* Foundation.framework in Frameworks */ = {isa = PBXBuildFile; fileRef = 1FBB77AF19785DF00092B4CC /* Foundation.framework */; };
		1FBB77B219785DF00092B4CC /* CoreGraphics.framework in Frameworks */ = {isa = PBXBuildFile; fileRef = 1FBB77B119785DF00092B4CC /* CoreGraphics.framework */; };
		1FBB77B419785DF00092B4CC /* UIKit.framework in Frameworks */ = {isa = PBXBuildFile; fileRef = 1FBB77B319785DF00092B4CC /* UIKit.framework */; };
		1FBB77BA19785DF00092B4CC /* InfoPlist.strings in Resources */ = {isa = PBXBuildFile; fileRef = 1FBB77B819785DF00092B4CC /* InfoPlist.strings */; };
		1FBB77BC19785DF00092B4CC /* main.m in Sources */ = {isa = PBXBuildFile; fileRef = 1FBB77BB19785DF00092B4CC /* main.m */; };
		1FBB77C019785DF00092B4CC /* AppDelegate.m in Sources */ = {isa = PBXBuildFile; fileRef = 1FBB77BF19785DF00092B4CC /* AppDelegate.m */; };
		1FBB77C319785DF00092B4CC /* Main.storyboard in Resources */ = {isa = PBXBuildFile; fileRef = 1FBB77C119785DF00092B4CC /* Main.storyboard */; };
		1FBB77C619785DF00092B4CC /* MasterViewController.m in Sources */ = {isa = PBXBuildFile; fileRef = 1FBB77C519785DF00092B4CC /* MasterViewController.m */; };
		1FBB77C919785DF00092B4CC /* DetailViewController.m in Sources */ = {isa = PBXBuildFile; fileRef = 1FBB77C819785DF00092B4CC /* DetailViewController.m */; };
		1FBB77CB19785DF00092B4CC /* Images.xcassets in Resources */ = {isa = PBXBuildFile; fileRef = 1FBB77CA19785DF00092B4CC /* Images.xcassets */; };
		1FBB77D219785DF00092B4CC /* XCTest.framework in Frameworks */ = {isa = PBXBuildFile; fileRef = 1FBB77D119785DF00092B4CC /* XCTest.framework */; };
		1FBB77D319785DF00092B4CC /* Foundation.framework in Frameworks */ = {isa = PBXBuildFile; fileRef = 1FBB77AF19785DF00092B4CC /* Foundation.framework */; };
		1FBB77D419785DF00092B4CC /* UIKit.framework in Frameworks */ = {isa = PBXBuildFile; fileRef = 1FBB77B319785DF00092B4CC /* UIKit.framework */; };
		1FBB77DC19785DF00092B4CC /* InfoPlist.strings in Resources */ = {isa = PBXBuildFile; fileRef = 1FBB77DA19785DF00092B4CC /* InfoPlist.strings */; };
		1FBB77DE19785DF00092B4CC /* AABE_PrototypeTests.m in Sources */ = {isa = PBXBuildFile; fileRef = 1FBB77DD19785DF00092B4CC /* AABE_PrototypeTests.m */; };
		1FC82BBC1978720100F3B0DE /* Jose.m in Sources */ = {isa = PBXBuildFile; fileRef = 1FC82BBB1978720100F3B0DE /* Jose.m */; };
		A107209B186C4DE294FD01AA /* libPods.a in Frameworks */ = {isa = PBXBuildFile; fileRef = FCE1B97983CF44CDBF7C4225 /* libPods.a */; };
/* End PBXBuildFile section */

/* Begin PBXContainerItemProxy section */
		1FBB77D519785DF00092B4CC /* PBXContainerItemProxy */ = {
			isa = PBXContainerItemProxy;
			containerPortal = 1FBB77A419785DEF0092B4CC /* Project object */;
			proxyType = 1;
			remoteGlobalIDString = 1FBB77AB19785DF00092B4CC;
			remoteInfo = "AABE Prototype";
		};
/* End PBXContainerItemProxy section */

/* Begin PBXFileReference section */
		1FBB77AC19785DF00092B4CC /* AABE Prototype.app */ = {isa = PBXFileReference; explicitFileType = wrapper.application; includeInIndex = 0; path = "AABE Prototype.app"; sourceTree = BUILT_PRODUCTS_DIR; };
		1FBB77AF19785DF00092B4CC /* Foundation.framework */ = {isa = PBXFileReference; lastKnownFileType = wrapper.framework; name = Foundation.framework; path = System/Library/Frameworks/Foundation.framework; sourceTree = SDKROOT; };
		1FBB77B119785DF00092B4CC /* CoreGraphics.framework */ = {isa = PBXFileReference; lastKnownFileType = wrapper.framework; name = CoreGraphics.framework; path = System/Library/Frameworks/CoreGraphics.framework; sourceTree = SDKROOT; };
		1FBB77B319785DF00092B4CC /* UIKit.framework */ = {isa = PBXFileReference; lastKnownFileType = wrapper.framework; name = UIKit.framework; path = System/Library/Frameworks/UIKit.framework; sourceTree = SDKROOT; };
		1FBB77B719785DF00092B4CC /* AABE Prototype-Info.plist */ = {isa = PBXFileReference; lastKnownFileType = text.plist.xml; path = "AABE Prototype-Info.plist"; sourceTree = "<group>"; };
		1FBB77B919785DF00092B4CC /* en */ = {isa = PBXFileReference; lastKnownFileType = text.plist.strings; name = en; path = en.lproj/InfoPlist.strings; sourceTree = "<group>"; };
		1FBB77BB19785DF00092B4CC /* main.m */ = {isa = PBXFileReference; lastKnownFileType = sourcecode.c.objc; path = main.m; sourceTree = "<group>"; };
		1FBB77BD19785DF00092B4CC /* AABE Prototype-Prefix.pch */ = {isa = PBXFileReference; lastKnownFileType = sourcecode.c.h; path = "AABE Prototype-Prefix.pch"; sourceTree = "<group>"; };
		1FBB77BE19785DF00092B4CC /* AppDelegate.h */ = {isa = PBXFileReference; lastKnownFileType = sourcecode.c.h; path = AppDelegate.h; sourceTree = "<group>"; };
		1FBB77BF19785DF00092B4CC /* AppDelegate.m */ = {isa = PBXFileReference; lastKnownFileType = sourcecode.c.objc; path = AppDelegate.m; sourceTree = "<group>"; };
		1FBB77C219785DF00092B4CC /* Base */ = {isa = PBXFileReference; lastKnownFileType = file.storyboard; name = Base; path = Base.lproj/Main.storyboard; sourceTree = "<group>"; };
		1FBB77C419785DF00092B4CC /* MasterViewController.h */ = {isa = PBXFileReference; lastKnownFileType = sourcecode.c.h; path = MasterViewController.h; sourceTree = "<group>"; };
		1FBB77C519785DF00092B4CC /* MasterViewController.m */ = {isa = PBXFileReference; lastKnownFileType = sourcecode.c.objc; path = MasterViewController.m; sourceTree = "<group>"; };
		1FBB77C719785DF00092B4CC /* DetailViewController.h */ = {isa = PBXFileReference; lastKnownFileType = sourcecode.c.h; path = DetailViewController.h; sourceTree = "<group>"; };
		1FBB77C819785DF00092B4CC /* DetailViewController.m */ = {isa = PBXFileReference; lastKnownFileType = sourcecode.c.objc; path = DetailViewController.m; sourceTree = "<group>"; };
		1FBB77CA19785DF00092B4CC /* Images.xcassets */ = {isa = PBXFileReference; lastKnownFileType = folder.assetcatalog; path = Images.xcassets; sourceTree = "<group>"; };
		1FBB77D019785DF00092B4CC /* AABE PrototypeTests.xctest */ = {isa = PBXFileReference; explicitFileType = wrapper.cfbundle; includeInIndex = 0; path = "AABE PrototypeTests.xctest"; sourceTree = BUILT_PRODUCTS_DIR; };
		1FBB77D119785DF00092B4CC /* XCTest.framework */ = {isa = PBXFileReference; lastKnownFileType = wrapper.framework; name = XCTest.framework; path = Library/Frameworks/XCTest.framework; sourceTree = DEVELOPER_DIR; };
		1FBB77D919785DF00092B4CC /* AABE PrototypeTests-Info.plist */ = {isa = PBXFileReference; lastKnownFileType = text.plist.xml; path = "AABE PrototypeTests-Info.plist"; sourceTree = "<group>"; };
		1FBB77DB19785DF00092B4CC /* en */ = {isa = PBXFileReference; lastKnownFileType = text.plist.strings; name = en; path = en.lproj/InfoPlist.strings; sourceTree = "<group>"; };
		1FBB77DD19785DF00092B4CC /* AABE_PrototypeTests.m */ = {isa = PBXFileReference; lastKnownFileType = sourcecode.c.objc; path = AABE_PrototypeTests.m; sourceTree = "<group>"; };
		1FC82BBA1978720100F3B0DE /* Jose.h */ = {isa = PBXFileReference; fileEncoding = 4; lastKnownFileType = sourcecode.c.h; path = Jose.h; sourceTree = "<group>"; };
		1FC82BBB1978720100F3B0DE /* Jose.m */ = {isa = PBXFileReference; fileEncoding = 4; lastKnownFileType = sourcecode.c.objc; path = Jose.m; sourceTree = "<group>"; };
		A9F5D7D2A7A4496AB24F3BF6 /* Pods.xcconfig */ = {isa = PBXFileReference; includeInIndex = 1; lastKnownFileType = text.xcconfig; name = Pods.xcconfig; path = Pods/Pods.xcconfig; sourceTree = "<group>"; };
		FCE1B97983CF44CDBF7C4225 /* libPods.a */ = {isa = PBXFileReference; explicitFileType = archive.ar; includeInIndex = 0; path = libPods.a; sourceTree = BUILT_PRODUCTS_DIR; };
/* End PBXFileReference section */

/* Begin PBXFrameworksBuildPhase section */
		1FBB77A919785DF00092B4CC /* Frameworks */ = {
			isa = PBXFrameworksBuildPhase;
			buildActionMask = 2147483647;
			files = (
				1FBB77B219785DF00092B4CC /* CoreGraphics.framework in Frameworks */,
				1FBB77B419785DF00092B4CC /* UIKit.framework in Frameworks */,
				1FBB77B019785DF00092B4CC /* Foundation.framework in Frameworks */,
				A107209B186C4DE294FD01AA /* libPods.a in Frameworks */,
			);
			runOnlyForDeploymentPostprocessing = 0;
		};
		1FBB77CD19785DF00092B4CC /* Frameworks */ = {
			isa = PBXFrameworksBuildPhase;
			buildActionMask = 2147483647;
			files = (
				1FBB77D219785DF00092B4CC /* XCTest.framework in Frameworks */,
				1FBB77D419785DF00092B4CC /* UIKit.framework in Frameworks */,
				1FBB77D319785DF00092B4CC /* Foundation.framework in Frameworks */,
			);
			runOnlyForDeploymentPostprocessing = 0;
		};
/* End PBXFrameworksBuildPhase section */

/* Begin PBXGroup section */
		1FBB77A319785DEF0092B4CC = {
			isa = PBXGroup;
			children = (
				1FBB77B519785DF00092B4CC /* AABE Prototype */,
				1FBB77D719785DF00092B4CC /* AABE PrototypeTests */,
				1FBB77AE19785DF00092B4CC /* Frameworks */,
				1FBB77AD19785DF00092B4CC /* Products */,
				A9F5D7D2A7A4496AB24F3BF6 /* Pods.xcconfig */,
			);
			sourceTree = "<group>";
		};
		1FBB77AD19785DF00092B4CC /* Products */ = {
			isa = PBXGroup;
			children = (
				1FBB77AC19785DF00092B4CC /* AABE Prototype.app */,
				1FBB77D019785DF00092B4CC /* AABE PrototypeTests.xctest */,
			);
			name = Products;
			sourceTree = "<group>";
		};
		1FBB77AE19785DF00092B4CC /* Frameworks */ = {
			isa = PBXGroup;
			children = (
				1FBB77AF19785DF00092B4CC /* Foundation.framework */,
				1FBB77B119785DF00092B4CC /* CoreGraphics.framework */,
				1FBB77B319785DF00092B4CC /* UIKit.framework */,
				1FBB77D119785DF00092B4CC /* XCTest.framework */,
				FCE1B97983CF44CDBF7C4225 /* libPods.a */,
			);
			name = Frameworks;
			sourceTree = "<group>";
		};
		1FBB77B519785DF00092B4CC /* AABE Prototype */ = {
			isa = PBXGroup;
			children = (
				1FC82BB9197871DA00F3B0DE /* Model */,
				1FBB77BE19785DF00092B4CC /* AppDelegate.h */,
				1FBB77BF19785DF00092B4CC /* AppDelegate.m */,
				1FBB77C119785DF00092B4CC /* Main.storyboard */,
				1FBB77C419785DF00092B4CC /* MasterViewController.h */,
				1FBB77C519785DF00092B4CC /* MasterViewController.m */,
				1FBB77C719785DF00092B4CC /* DetailViewController.h */,
				1FBB77C819785DF00092B4CC /* DetailViewController.m */,
				1FBB77CA19785DF00092B4CC /* Images.xcassets */,
				1FBB77B619785DF00092B4CC /* Supporting Files */,
			);
			path = "AABE Prototype";
			sourceTree = "<group>";
		};
		1FBB77B619785DF00092B4CC /* Supporting Files */ = {
			isa = PBXGroup;
			children = (
				1FBB77B719785DF00092B4CC /* AABE Prototype-Info.plist */,
				1FBB77B819785DF00092B4CC /* InfoPlist.strings */,
				1FBB77BB19785DF00092B4CC /* main.m */,
				1FBB77BD19785DF00092B4CC /* AABE Prototype-Prefix.pch */,
			);
			name = "Supporting Files";
			sourceTree = "<group>";
		};
		1FBB77D719785DF00092B4CC /* AABE PrototypeTests */ = {
			isa = PBXGroup;
			children = (
				1FBB77DD19785DF00092B4CC /* AABE_PrototypeTests.m */,
				1FBB77D819785DF00092B4CC /* Supporting Files */,
			);
			path = "AABE PrototypeTests";
			sourceTree = "<group>";
		};
		1FBB77D819785DF00092B4CC /* Supporting Files */ = {
			isa = PBXGroup;
			children = (
				1FBB77D919785DF00092B4CC /* AABE PrototypeTests-Info.plist */,
				1FBB77DA19785DF00092B4CC /* InfoPlist.strings */,
			);
			name = "Supporting Files";
			sourceTree = "<group>";
		};
		1FC82BB9197871DA00F3B0DE /* Model */ = {
			isa = PBXGroup;
			children = (
				1FC82BBA1978720100F3B0DE /* Jose.h */,
				1FC82BBB1978720100F3B0DE /* Jose.m */,
			);
			name = Model;
			sourceTree = "<group>";
		};
/* End PBXGroup section */

/* Begin PBXNativeTarget section */
		1FBB77AB19785DF00092B4CC /* AABE Prototype */ = {
			isa = PBXNativeTarget;
			buildConfigurationList = 1FBB77E119785DF00092B4CC /* Build configuration list for PBXNativeTarget "AABE Prototype" */;
			buildPhases = (
				88210E17A69441B3BE41376F /* Check Pods Manifest.lock */,
				1FBB77A819785DF00092B4CC /* Sources */,
				1FBB77A919785DF00092B4CC /* Frameworks */,
				1FBB77AA19785DF00092B4CC /* Resources */,
				313AF96FE0164C74B8B09B9E /* Copy Pods Resources */,
			);
			buildRules = (
			);
			dependencies = (
			);
			name = "AABE Prototype";
			productName = "AABE Prototype";
			productReference = 1FBB77AC19785DF00092B4CC /* AABE Prototype.app */;
			productType = "com.apple.product-type.application";
		};
		1FBB77CF19785DF00092B4CC /* AABE PrototypeTests */ = {
			isa = PBXNativeTarget;
			buildConfigurationList = 1FBB77E419785DF00092B4CC /* Build configuration list for PBXNativeTarget "AABE PrototypeTests" */;
			buildPhases = (
				1FBB77CC19785DF00092B4CC /* Sources */,
				1FBB77CD19785DF00092B4CC /* Frameworks */,
				1FBB77CE19785DF00092B4CC /* Resources */,
			);
			buildRules = (
			);
			dependencies = (
				1FBB77D619785DF00092B4CC /* PBXTargetDependency */,
			);
			name = "AABE PrototypeTests";
			productName = "AABE PrototypeTests";
			productReference = 1FBB77D019785DF00092B4CC /* AABE PrototypeTests.xctest */;
			productType = "com.apple.product-type.bundle.unit-test";
		};
/* End PBXNativeTarget section */

/* Begin PBXProject section */
		1FBB77A419785DEF0092B4CC /* Project object */ = {
			isa = PBXProject;
			attributes = {
				LastUpgradeCheck = 0510;
				ORGANIZATIONNAME = "Rafagan Abreu";
				TargetAttributes = {
					1FBB77CF19785DF00092B4CC = {
						TestTargetID = 1FBB77AB19785DF00092B4CC;
					};
				};
			};
			buildConfigurationList = 1FBB77A719785DEF0092B4CC /* Build configuration list for PBXProject "AABE Prototype" */;
			compatibilityVersion = "Xcode 3.2";
			developmentRegion = English;
			hasScannedForEncodings = 0;
			knownRegions = (
				en,
				Base,
			);
			mainGroup = 1FBB77A319785DEF0092B4CC;
			productRefGroup = 1FBB77AD19785DF00092B4CC /* Products */;
			projectDirPath = "";
			projectRoot = "";
			targets = (
				1FBB77AB19785DF00092B4CC /* AABE Prototype */,
				1FBB77CF19785DF00092B4CC /* AABE PrototypeTests */,
			);
		};
/* End PBXProject section */

/* Begin PBXResourcesBuildPhase section */
		1FBB77AA19785DF00092B4CC /* Resources */ = {
			isa = PBXResourcesBuildPhase;
			buildActionMask = 2147483647;
			files = (
				1FBB77CB19785DF00092B4CC /* Images.xcassets in Resources */,
				1FBB77BA19785DF00092B4CC /* InfoPlist.strings in Resources */,
				1FBB77C319785DF00092B4CC /* Main.storyboard in Resources */,
			);
			runOnlyForDeploymentPostprocessing = 0;
		};
		1FBB77CE19785DF00092B4CC /* Resources */ = {
			isa = PBXResourcesBuildPhase;
			buildActionMask = 2147483647;
			files = (
				1FBB77DC19785DF00092B4CC /* InfoPlist.strings in Resources */,
			);
			runOnlyForDeploymentPostprocessing = 0;
		};
/* End PBXResourcesBuildPhase section */

/* Begin PBXShellScriptBuildPhase section */
		313AF96FE0164C74B8B09B9E /* Copy Pods Resources */ = {
			isa = PBXShellScriptBuildPhase;
			buildActionMask = 2147483647;
			files = (
			);
			inputPaths = (
			);
			name = "Copy Pods Resources";
			outputPaths = (
			);
			runOnlyForDeploymentPostprocessing = 0;
			shellPath = /bin/sh;
			shellScript = "\"${SRCROOT}/Pods/Pods-resources.sh\"\n";
			showEnvVarsInLog = 0;
		};
		88210E17A69441B3BE41376F /* Check Pods Manifest.lock */ = {
			isa = PBXShellScriptBuildPhase;
			buildActionMask = 2147483647;
			files = (
			);
			inputPaths = (
			);
			name = "Check Pods Manifest.lock";
			outputPaths = (
			);
			runOnlyForDeploymentPostprocessing = 0;
			shellPath = /bin/sh;
			shellScript = "diff \"${PODS_ROOT}/../Podfile.lock\" \"${PODS_ROOT}/Manifest.lock\" > /dev/null\nif [[ $? != 0 ]] ; then\n    cat << EOM\nerror: The sandbox is not in sync with the Podfile.lock. Run 'pod install' or update your CocoaPods installation.\nEOM\n    exit 1\nfi\n";
			showEnvVarsInLog = 0;
		};
/* End PBXShellScriptBuildPhase section */

/* Begin PBXSourcesBuildPhase section */
		1FBB77A819785DF00092B4CC /* Sources */ = {
			isa = PBXSourcesBuildPhase;
			buildActionMask = 2147483647;
			files = (
				1FC82BBC1978720100F3B0DE /* Jose.m in Sources */,
				1FBB77C019785DF00092B4CC /* AppDelegate.m in Sources */,
				1FBB77C619785DF00092B4CC /* MasterViewController.m in Sources */,
				1FBB77BC19785DF00092B4CC /* main.m in Sources */,
				1FBB77C919785DF00092B4CC /* DetailViewController.m in Sources */,
			);
			runOnlyForDeploymentPostprocessing = 0;
		};
		1FBB77CC19785DF00092B4CC /* Sources */ = {
			isa = PBXSourcesBuildPhase;
			buildActionMask = 2147483647;
			files = (
				1FBB77DE19785DF00092B4CC /* AABE_PrototypeTests.m in Sources */,
			);
			runOnlyForDeploymentPostprocessing = 0;
		};
/* End PBXSourcesBuildPhase section */

/* Begin PBXTargetDependency section */
		1FBB77D619785DF00092B4CC /* PBXTargetDependency */ = {
			isa = PBXTargetDependency;
			target = 1FBB77AB19785DF00092B4CC /* AABE Prototype */;
			targetProxy = 1FBB77D519785DF00092B4CC /* PBXContainerItemProxy */;
		};
/* End PBXTargetDependency section */

/* Begin PBXVariantGroup section */
		1FBB77B819785DF00092B4CC /* InfoPlist.strings */ = {
			isa = PBXVariantGroup;
			children = (
				1FBB77B919785DF00092B4CC /* en */,
			);
			name = InfoPlist.strings;
			sourceTree = "<group>";
		};
		1FBB77C119785DF00092B4CC /* Main.storyboard */ = {
			isa = PBXVariantGroup;
			children = (
				1FBB77C219785DF00092B4CC /* Base */,
			);
			name = Main.storyboard;
			sourceTree = "<group>";
		};
		1FBB77DA19785DF00092B4CC /* InfoPlist.strings */ = {
			isa = PBXVariantGroup;
			children = (
				1FBB77DB19785DF00092B4CC /* en */,
			);
			name = InfoPlist.strings;
			sourceTree = "<group>";
		};
/* End PBXVariantGroup section */

/* Begin XCBuildConfiguration section */
		1FBB77DF19785DF00092B4CC /* Debug */ = {
			isa = XCBuildConfiguration;
			buildSettings = {
				ALWAYS_SEARCH_USER_PATHS = NO;
				CLANG_CXX_LANGUAGE_STANDARD = "gnu++0x";
				CLANG_CXX_LIBRARY = "libc++";
				CLANG_ENABLE_MODULES = YES;
				CLANG_ENABLE_OBJC_ARC = YES;
				CLANG_WARN_BOOL_CONVERSION = YES;
				CLANG_WARN_CONSTANT_CONVERSION = YES;
				CLANG_WARN_DIRECT_OBJC_ISA_USAGE = YES_ERROR;
				CLANG_WARN_EMPTY_BODY = YES;
				CLANG_WARN_ENUM_CONVERSION = YES;
				CLANG_WARN_INT_CONVERSION = YES;
				CLANG_WARN_OBJC_ROOT_CLASS = YES_ERROR;
				CLANG_WARN__DUPLICATE_METHOD_MATCH = YES;
				"CODE_SIGN_IDENTITY[sdk=iphoneos*]" = "iPhone Developer";
				COPY_PHASE_STRIP = NO;
				GCC_C_LANGUAGE_STANDARD = gnu99;
				GCC_DYNAMIC_NO_PIC = NO;
				GCC_OPTIMIZATION_LEVEL = 0;
				GCC_PREPROCESSOR_DEFINITIONS = (
					"DEBUG=1",
					"$(inherited)",
				);
				GCC_SYMBOLS_PRIVATE_EXTERN = NO;
				GCC_WARN_64_TO_32_BIT_CONVERSION = YES;
				GCC_WARN_ABOUT_RETURN_TYPE = YES_ERROR;
				GCC_WARN_UNDECLARED_SELECTOR = YES;
				GCC_WARN_UNINITIALIZED_AUTOS = YES_AGGRESSIVE;
				GCC_WARN_UNUSED_FUNCTION = YES;
				GCC_WARN_UNUSED_VARIABLE = YES;
				IPHONEOS_DEPLOYMENT_TARGET = 7.1;
				ONLY_ACTIVE_ARCH = YES;
				SDKROOT = iphoneos;
				TARGETED_DEVICE_FAMILY = 2;
			};
			name = Debug;
		};
		1FBB77E019785DF00092B4CC /* Release */ = {
			isa = XCBuildConfiguration;
			buildSettings = {
				ALWAYS_SEARCH_USER_PATHS = NO;
				CLANG_CXX_LANGUAGE_STANDARD = "gnu++0x";
				CLANG_CXX_LIBRARY = "libc++";
				CLANG_ENABLE_MODULES = YES;
				CLANG_ENABLE_OBJC_ARC = YES;
				CLANG_WARN_BOOL_CONVERSION = YES;
				CLANG_WARN_CONSTANT_CONVERSION = YES;
				CLANG_WARN_DIRECT_OBJC_ISA_USAGE = YES_ERROR;
				CLANG_WARN_EMPTY_BODY = YES;
				CLANG_WARN_ENUM_CONVERSION = YES;
				CLANG_WARN_INT_CONVERSION = YES;
				CLANG_WARN_OBJC_ROOT_CLASS = YES_ERROR;
				CLANG_WARN__DUPLICATE_METHOD_MATCH = YES;
				"CODE_SIGN_IDENTITY[sdk=iphoneos*]" = "iPhone Developer";
				COPY_PHASE_STRIP = YES;
				ENABLE_NS_ASSERTIONS = NO;
				GCC_C_LANGUAGE_STANDARD = gnu99;
				GCC_WARN_64_TO_32_BIT_CONVERSION = YES;
				GCC_WARN_ABOUT_RETURN_TYPE = YES_ERROR;
				GCC_WARN_UNDECLARED_SELECTOR = YES;
				GCC_WARN_UNINITIALIZED_AUTOS = YES_AGGRESSIVE;
				GCC_WARN_UNUSED_FUNCTION = YES;
				GCC_WARN_UNUSED_VARIABLE = YES;
				IPHONEOS_DEPLOYMENT_TARGET = 7.1;
				SDKROOT = iphoneos;
				TARGETED_DEVICE_FAMILY = 2;
				VALIDATE_PRODUCT = YES;
			};
			name = Release;
		};
		1FBB77E219785DF00092B4CC /* Debug */ = {
			isa = XCBuildConfiguration;
			baseConfigurationReference = A9F5D7D2A7A4496AB24F3BF6 /* Pods.xcconfig */;
			buildSettings = {
				ASSETCATALOG_COMPILER_APPICON_NAME = AppIcon;
				ASSETCATALOG_COMPILER_LAUNCHIMAGE_NAME = LaunchImage;
				GCC_PRECOMPILE_PREFIX_HEADER = YES;
				GCC_PREFIX_HEADER = "AABE Prototype/AABE Prototype-Prefix.pch";
				INFOPLIST_FILE = "AABE Prototype/AABE Prototype-Info.plist";
				PRODUCT_NAME = "$(TARGET_NAME)";
				WRAPPER_EXTENSION = app;
			};
			name = Debug;
		};
		1FBB77E319785DF00092B4CC /* Release */ = {
			isa = XCBuildConfiguration;
			baseConfigurationReference = A9F5D7D2A7A4496AB24F3BF6 /* Pods.xcconfig */;
			buildSettings = {
				ASSETCATALOG_COMPILER_APPICON_NAME = AppIcon;
				ASSETCATALOG_COMPILER_LAUNCHIMAGE_NAME = LaunchImage;
				GCC_PRECOMPILE_PREFIX_HEADER = YES;
				GCC_PREFIX_HEADER = "AABE Prototype/AABE Prototype-Prefix.pch";
				INFOPLIST_FILE = "AABE Prototype/AABE Prototype-Info.plist";
				PRODUCT_NAME = "$(TARGET_NAME)";
				WRAPPER_EXTENSION = app;
			};
			name = Release;
		};
		1FBB77E519785DF00092B4CC /* Debug */ = {
			isa = XCBuildConfiguration;
			buildSettings = {
				BUNDLE_LOADER = "$(BUILT_PRODUCTS_DIR)/AABE Prototype.app/AABE Prototype";
				FRAMEWORK_SEARCH_PATHS = (
					"$(SDKROOT)/Developer/Library/Frameworks",
					"$(inherited)",
					"$(DEVELOPER_FRAMEWORKS_DIR)",
				);
				GCC_PRECOMPILE_PREFIX_HEADER = YES;
				GCC_PREFIX_HEADER = "AABE Prototype/AABE Prototype-Prefix.pch";
				GCC_PREPROCESSOR_DEFINITIONS = (
					"DEBUG=1",
					"$(inherited)",
				);
				INFOPLIST_FILE = "AABE PrototypeTests/AABE PrototypeTests-Info.plist";
				PRODUCT_NAME = "$(TARGET_NAME)";
				TEST_HOST = "$(BUNDLE_LOADER)";
				WRAPPER_EXTENSION = xctest;
			};
			name = Debug;
		};
		1FBB77E619785DF00092B4CC /* Release */ = {
			isa = XCBuildConfiguration;
			buildSettings = {
				BUNDLE_LOADER = "$(BUILT_PRODUCTS_DIR)/AABE Prototype.app/AABE Prototype";
				FRAMEWORK_SEARCH_PATHS = (
					"$(SDKROOT)/Developer/Library/Frameworks",
					"$(inherited)",
					"$(DEVELOPER_FRAMEWORKS_DIR)",
				);
				GCC_PRECOMPILE_PREFIX_HEADER = YES;
				GCC_PREFIX_HEADER = "AABE Prototype/AABE Prototype-Prefix.pch";
				INFOPLIST_FILE = "AABE PrototypeTests/AABE PrototypeTests-Info.plist";
				PRODUCT_NAME = "$(TARGET_NAME)";
				TEST_HOST = "$(BUNDLE_LOADER)";
				WRAPPER_EXTENSION = xctest;
			};
			name = Release;
		};
/* End XCBuildConfiguration section */

/* Begin XCConfigurationList section */
		1FBB77A719785DEF0092B4CC /* Build configuration list for PBXProject "AABE Prototype" */ = {
			isa = XCConfigurationList;
			buildConfigurations = (
				1FBB77DF19785DF00092B4CC /* Debug */,
				1FBB77E019785DF00092B4CC /* Release */,
			);
			defaultConfigurationIsVisible = 0;
			defaultConfigurationName = Release;
		};
		1FBB77E119785DF00092B4CC /* Build configuration list for PBXNativeTarget "AABE Prototype" */ = {
			isa = XCConfigurationList;
			buildConfigurations = (
				1FBB77E219785DF00092B4CC /* Debug */,
				1FBB77E319785DF00092B4CC /* Release */,
			);
			defaultConfigurationIsVisible = 0;
			defaultConfigurationName = Release;
		};
		1FBB77E419785DF00092B4CC /* Build configuration list for PBXNativeTarget "AABE PrototypeTests" */ = {
			isa = XCConfigurationList;
			buildConfigurations = (
				1FBB77E519785DF00092B4CC /* Debug */,
				1FBB77E619785DF00092B4CC /* Release */,
			);
			defaultConfigurationIsVisible = 0;
			defaultConfigurationName = Release;
		};
/* End XCConfigurationList section */
	};
	rootObject = 1FBB77A419785DEF0092B4CC /* Project object */;
}
